
Microsoft Visual Studio Solution File, Format Version 12.00
# Visual Studio Version 16
VisualStudioVersion = 16.0.30204.135
MinimumVisualStudioVersion = 10.0.40219.1
Project("{FAE04EC0-301F-11D3-BF4B-00C04F79EFBC}") = "SearchBot", "DicrordTest\SearchBot.csproj", "{86DF03D9-6F0A-4FC6-A98F-89DBAF2D738A}"
EndProject
Global
	GlobalSection(SolutionConfigurationPlatforms) = preSolution
		Debug|Any CPU = Debug|Any CPU
		Release|Any CPU = Release|Any CPU
	EndGlobalSection
	GlobalSection(ProjectConfigurationPlatforms) = postSolution
		{86DF03D9-6F0A-4FC6-A98F-89DBAF2D738A}.Debug|Any CPU.ActiveCfg = Debug|Any CPU
		{86DF03D9-6F0A-4FC6-A98F-89DBAF2D738A}.Debug|Any CPU.Build.0 = Debug|Any CPU
		{86DF03D9-6F0A-4FC6-A98F-89DBAF2D738A}.Release|Any CPU.ActiveCfg = Release|Any CPU
		{86DF03D9-6F0A-4FC6-A98F-89DBAF2D738A}.Release|Any CPU.Build.0 = Release|Any CPU
	EndGlobalSection
	GlobalSection(SolutionProperties) = preSolution
		HideSolutionNode = FALSE
	EndGlobalSection
	GlobalSection(ExtensibilityGlobals) = postSolution
		SolutionGuid = {368B5A81-E3D9-4566-AD64-F972767C1A04}
	EndGlobalSection
EndGlobal
